{
  "requires": true,
  "lockfileVersion": 1,
  "dependencies": {
    "jquery": {
      "version": "3.6.0",
      "resolved": "https://registry.npmjs.org/jquery/-/jquery-3.6.0.tgz",
      "integrity": "sha512-JVzAR/AjBvVt2BmYhxRCSYysDsPcssdmTFnzyLEts9qNwmjmu4JTAMYubEfwVOSwpQ1I1sKKFcxhZCI2buerfw=="
    },
    "jquery-xml2json": {
      "version": "0.0.8",
      "resolved": "https://registry.npmjs.org/jquery-xml2json/-/jquery-xml2json-0.0.8.tgz",
      "integrity": "sha1-ccZOwFJwt7ilX6QFF2zaDd7b8h0="
    },
    "jquery.soap": {
      "version": "1.7.3",
      "resolved": "https://registry.npmjs.org/jquery.soap/-/jquery.soap-1.7.3.tgz",
      "integrity": "sha512-ZNMQ2Rmy8uQ/4CSJMz0IDZCYhdmT+SiAlLFMGDPvygthZfEsbj9TLPATBIjotx5STyTooRZBgmoaHbAXEAID1A==",
      "requires": {
        "jquery": ">=1.9.0"
      }
    }
  }
}
